
Microsoft Visual Studio Solution File, Format Version 12.00
# Visual Studio Version 16
VisualStudioVersion = 16.0.30709.132
MinimumVisualStudioVersion = 15.0.26124.0
Project("{2150E333-8FDC-42A3-9474-1A3956D46DE8}") = "src", "src", "{A8E112BF-3000-43C5-AE52-2159A7166A93}"
EndProject
Project("{9A19103F-16F7-4668-BE54-9A1E7A4F7556}") = "cloud", "src\cloud\cloud.csproj", "{2161F3AC-87BB-453A-94B0-B0734BE045F0}"
EndProject
Project("{9A19103F-16F7-4668-BE54-9A1E7A4F7556}") = "cnf", "src\cnf\cnf.csproj", "{24D21C4F-C873-4D1B-9309-31EF66572FD7}"
EndProject
Project("{2150E333-8FDC-42A3-9474-1A3956D46DE8}") = "export", "export", "{497BF18D-D2DF-45AD-9BF7-09197E53A275}"
EndProject
Project("{9A19103F-16F7-4668-BE54-9A1E7A4F7556}") = "google_sheets", "src\export\google_sheets\google_sheets.csproj", "{A6E0AB41-33B9-415F-BD6D-770770754863}"
EndProject
Project("{2150E333-8FDC-42A3-9474-1A3956D46DE8}") = "hardware", "hardware", "{D03ED87D-B537-4667-BC2F-1F0CC5E5BB6B}"
EndProject
Project("{9A19103F-16F7-4668-BE54-9A1E7A4F7556}") = "Detector", "src\hardware\Detector\Detector.csproj", "{E8FE30FF-2AEC-47D4-8E8F-DCDF6015F275}"
EndProject
Project("{9A19103F-16F7-4668-BE54-9A1E7A4F7556}") = "SampleChanger", "src\hardware\SampleChanger\SampleChanger.csproj", "{A23823BA-3B2A-417F-9EC5-C7A2581F2319}"
EndProject
Project("{9A19103F-16F7-4668-BE54-9A1E7A4F7556}") = "Scales", "src\hardware\Scales\Scales.csproj", "{C0466B1A-ECE7-4230-B12B-1B023A80196F}"
EndProject
Project("{9A19103F-16F7-4668-BE54-9A1E7A4F7556}") = "report", "src\report\report.csproj", "{CE07C9EE-A74A-4C46-AC18-6F71D802F490}"
EndProject
Project("{9A19103F-16F7-4668-BE54-9A1E7A4F7556}") = "settings", "src\settings\settings.csproj", "{F8160F7C-411B-4A98-91F5-12ED4378D7BD}"
EndProject
Project("{2150E333-8FDC-42A3-9474-1A3956D46DE8}") = "tests", "tests", "{C4CBEBE6-47E2-441B-92AB-691CBCE9B39D}"
EndProject
Project("{9A19103F-16F7-4668-BE54-9A1E7A4F7556}") = "UITemplateWinFormTest", "src\tests\UITemplateWinFormTest\UITemplateWinFormTest.csproj", "{7F773765-32A8-4443-8D26-F2F08F566E1F}"
EndProject
Project("{9A19103F-16F7-4668-BE54-9A1E7A4F7556}") = "UtilitiesTest", "src\tests\UtilitiesTest\UtilitiesTest.csproj", "{725E13D1-7579-40B4-BE4F-09A1995C7D25}"
EndProject
Project("{9A19103F-16F7-4668-BE54-9A1E7A4F7556}") = "csv", "src\export\csv\csv.csproj", "{665B903B-9AF1-4EDB-BF51-E70F8CA5932B}"
EndProject
Project("{9A19103F-16F7-4668-BE54-9A1E7A4F7556}") = "excel", "src\export\excel\excel.csproj", "{0C9A862E-B88F-46F5-A36B-B5F2C47EE7BD}"
EndProject
Project("{9A19103F-16F7-4668-BE54-9A1E7A4F7556}") = "updater", "src\updater\updater.csproj", "{93E6473B-BC80-453E-B51A-76EEF500B4DE}"
EndProject
Project("{2150E333-8FDC-42A3-9474-1A3956D46DE8}") = "database", "database", "{091B7675-CF41-41F6-A071-526F4E4FA708}"
EndProject
Project("{2150E333-8FDC-42A3-9474-1A3956D46DE8}") = "mssql", "mssql", "{97E0F4E0-472D-4628-942B-B8BE68A3FFA1}"
EndProject
Project("{9A19103F-16F7-4668-BE54-9A1E7A4F7556}") = "mssql-context", "src\database\mssql\context\mssql-context.csproj", "{7D1D027F-A8F5-48E5-9FF8-896093AACD58}"
EndProject
Project("{9A19103F-16F7-4668-BE54-9A1E7A4F7556}") = "mssql-models", "src\database\mssql\models\mssql-models.csproj", "{324A9E93-3A34-4D83-ACCD-1A08D8B0CC1E}"
EndProject
Project("{9A19103F-16F7-4668-BE54-9A1E7A4F7556}") = "WinFormsTemplates", "src\ui_templates\WinFormsTemplates\WinFormsTemplates.csproj", "{B24A13F9-EEA2-4EC1-8516-8D0E7D6B5544}"
EndProject
Project("{9A19103F-16F7-4668-BE54-9A1E7A4F7556}") = "settingsTest", "tests\settingsTest\settingsTest.csproj", "{91A02F32-1ECB-4B58-9D09-7E68F0FE5A61}"
EndProject
Project("{9A19103F-16F7-4668-BE54-9A1E7A4F7556}") = "reportTest", "tests\reportTest\reportTest.csproj", "{F6C55D27-630D-4388-94DD-81C275E40F31}"
EndProject
Project("{9A19103F-16F7-4668-BE54-9A1E7A4F7556}") = "postgres", "src\database\postgres\postgres.csproj", "{AAEBC352-8F20-47B5-8BD2-A053B808A1F2}"
EndProject
Project("{FAE04EC0-301F-11D3-BF4B-00C04F79EFBC}") = "detectorTest", "tests\hardwareTest\detectorTest\detectorTest.csproj", "{444A4AF1-5F17-47B9-8986-820E25AF5D6A}"
EndProject
Global
	GlobalSection(SolutionConfigurationPlatforms) = preSolution
		Debug|Any CPU = Debug|Any CPU
		Debug|x64 = Debug|x64
		Debug|x86 = Debug|x86
		Release|Any CPU = Release|Any CPU
		Release|x64 = Release|x64
		Release|x86 = Release|x86
	EndGlobalSection
	GlobalSection(ProjectConfigurationPlatforms) = postSolution
		{2161F3AC-87BB-453A-94B0-B0734BE045F0}.Debug|Any CPU.ActiveCfg = Debug|Any CPU
		{2161F3AC-87BB-453A-94B0-B0734BE045F0}.Debug|Any CPU.Build.0 = Debug|Any CPU
		{2161F3AC-87BB-453A-94B0-B0734BE045F0}.Debug|x64.ActiveCfg = Debug|Any CPU
		{2161F3AC-87BB-453A-94B0-B0734BE045F0}.Debug|x64.Build.0 = Debug|Any CPU
		{2161F3AC-87BB-453A-94B0-B0734BE045F0}.Debug|x86.ActiveCfg = Debug|Any CPU
		{2161F3AC-87BB-453A-94B0-B0734BE045F0}.Debug|x86.Build.0 = Debug|Any CPU
		{2161F3AC-87BB-453A-94B0-B0734BE045F0}.Release|Any CPU.ActiveCfg = Release|Any CPU
		{2161F3AC-87BB-453A-94B0-B0734BE045F0}.Release|Any CPU.Build.0 = Release|Any CPU
		{2161F3AC-87BB-453A-94B0-B0734BE045F0}.Release|x64.ActiveCfg = Release|Any CPU
		{2161F3AC-87BB-453A-94B0-B0734BE045F0}.Release|x64.Build.0 = Release|Any CPU
		{2161F3AC-87BB-453A-94B0-B0734BE045F0}.Release|x86.ActiveCfg = Release|Any CPU
		{2161F3AC-87BB-453A-94B0-B0734BE045F0}.Release|x86.Build.0 = Release|Any CPU
		{24D21C4F-C873-4D1B-9309-31EF66572FD7}.Debug|Any CPU.ActiveCfg = Debug|Any CPU
		{24D21C4F-C873-4D1B-9309-31EF66572FD7}.Debug|Any CPU.Build.0 = Debug|Any CPU
		{24D21C4F-C873-4D1B-9309-31EF66572FD7}.Debug|x64.ActiveCfg = Debug|Any CPU
		{24D21C4F-C873-4D1B-9309-31EF66572FD7}.Debug|x64.Build.0 = Debug|Any CPU
		{24D21C4F-C873-4D1B-9309-31EF66572FD7}.Debug|x86.ActiveCfg = Debug|Any CPU
		{24D21C4F-C873-4D1B-9309-31EF66572FD7}.Debug|x86.Build.0 = Debug|Any CPU
		{24D21C4F-C873-4D1B-9309-31EF66572FD7}.Release|Any CPU.ActiveCfg = Release|Any CPU
		{24D21C4F-C873-4D1B-9309-31EF66572FD7}.Release|Any CPU.Build.0 = Release|Any CPU
		{24D21C4F-C873-4D1B-9309-31EF66572FD7}.Release|x64.ActiveCfg = Release|Any CPU
		{24D21C4F-C873-4D1B-9309-31EF66572FD7}.Release|x64.Build.0 = Release|Any CPU
		{24D21C4F-C873-4D1B-9309-31EF66572FD7}.Release|x86.ActiveCfg = Release|Any CPU
		{24D21C4F-C873-4D1B-9309-31EF66572FD7}.Release|x86.Build.0 = Release|Any CPU
		{A6E0AB41-33B9-415F-BD6D-770770754863}.Debug|Any CPU.ActiveCfg = Debug|Any CPU
		{A6E0AB41-33B9-415F-BD6D-770770754863}.Debug|Any CPU.Build.0 = Debug|Any CPU
		{A6E0AB41-33B9-415F-BD6D-770770754863}.Debug|x64.ActiveCfg = Debug|Any CPU
		{A6E0AB41-33B9-415F-BD6D-770770754863}.Debug|x64.Build.0 = Debug|Any CPU
		{A6E0AB41-33B9-415F-BD6D-770770754863}.Debug|x86.ActiveCfg = Debug|Any CPU
		{A6E0AB41-33B9-415F-BD6D-770770754863}.Debug|x86.Build.0 = Debug|Any CPU
		{A6E0AB41-33B9-415F-BD6D-770770754863}.Release|Any CPU.ActiveCfg = Release|Any CPU
		{A6E0AB41-33B9-415F-BD6D-770770754863}.Release|Any CPU.Build.0 = Release|Any CPU
		{A6E0AB41-33B9-415F-BD6D-770770754863}.Release|x64.ActiveCfg = Release|Any CPU
		{A6E0AB41-33B9-415F-BD6D-770770754863}.Release|x64.Build.0 = Release|Any CPU
		{A6E0AB41-33B9-415F-BD6D-770770754863}.Release|x86.ActiveCfg = Release|Any CPU
		{A6E0AB41-33B9-415F-BD6D-770770754863}.Release|x86.Build.0 = Release|Any CPU
		{E8FE30FF-2AEC-47D4-8E8F-DCDF6015F275}.Debug|Any CPU.ActiveCfg = Debug|Any CPU
		{E8FE30FF-2AEC-47D4-8E8F-DCDF6015F275}.Debug|Any CPU.Build.0 = Debug|Any CPU
		{E8FE30FF-2AEC-47D4-8E8F-DCDF6015F275}.Debug|x64.ActiveCfg = Debug|Any CPU
		{E8FE30FF-2AEC-47D4-8E8F-DCDF6015F275}.Debug|x64.Build.0 = Debug|Any CPU
		{E8FE30FF-2AEC-47D4-8E8F-DCDF6015F275}.Debug|x86.ActiveCfg = Debug|Any CPU
		{E8FE30FF-2AEC-47D4-8E8F-DCDF6015F275}.Debug|x86.Build.0 = Debug|Any CPU
		{E8FE30FF-2AEC-47D4-8E8F-DCDF6015F275}.Release|Any CPU.ActiveCfg = Release|Any CPU
		{E8FE30FF-2AEC-47D4-8E8F-DCDF6015F275}.Release|Any CPU.Build.0 = Release|Any CPU
		{E8FE30FF-2AEC-47D4-8E8F-DCDF6015F275}.Release|x64.ActiveCfg = Release|Any CPU
		{E8FE30FF-2AEC-47D4-8E8F-DCDF6015F275}.Release|x64.Build.0 = Release|Any CPU
		{E8FE30FF-2AEC-47D4-8E8F-DCDF6015F275}.Release|x86.ActiveCfg = Release|Any CPU
		{E8FE30FF-2AEC-47D4-8E8F-DCDF6015F275}.Release|x86.Build.0 = Release|Any CPU
		{A23823BA-3B2A-417F-9EC5-C7A2581F2319}.Debug|Any CPU.ActiveCfg = Debug|Any CPU
		{A23823BA-3B2A-417F-9EC5-C7A2581F2319}.Debug|Any CPU.Build.0 = Debug|Any CPU
		{A23823BA-3B2A-417F-9EC5-C7A2581F2319}.Debug|x64.ActiveCfg = Debug|Any CPU
		{A23823BA-3B2A-417F-9EC5-C7A2581F2319}.Debug|x64.Build.0 = Debug|Any CPU
		{A23823BA-3B2A-417F-9EC5-C7A2581F2319}.Debug|x86.ActiveCfg = Debug|Any CPU
		{A23823BA-3B2A-417F-9EC5-C7A2581F2319}.Debug|x86.Build.0 = Debug|Any CPU
		{A23823BA-3B2A-417F-9EC5-C7A2581F2319}.Release|Any CPU.ActiveCfg = Release|Any CPU
		{A23823BA-3B2A-417F-9EC5-C7A2581F2319}.Release|Any CPU.Build.0 = Release|Any CPU
		{A23823BA-3B2A-417F-9EC5-C7A2581F2319}.Release|x64.ActiveCfg = Release|Any CPU
		{A23823BA-3B2A-417F-9EC5-C7A2581F2319}.Release|x64.Build.0 = Release|Any CPU
		{A23823BA-3B2A-417F-9EC5-C7A2581F2319}.Release|x86.ActiveCfg = Release|Any CPU
		{A23823BA-3B2A-417F-9EC5-C7A2581F2319}.Release|x86.Build.0 = Release|Any CPU
		{C0466B1A-ECE7-4230-B12B-1B023A80196F}.Debug|Any CPU.ActiveCfg = Debug|Any CPU
		{C0466B1A-ECE7-4230-B12B-1B023A80196F}.Debug|Any CPU.Build.0 = Debug|Any CPU
		{C0466B1A-ECE7-4230-B12B-1B023A80196F}.Debug|x64.ActiveCfg = Debug|Any CPU
		{C0466B1A-ECE7-4230-B12B-1B023A80196F}.Debug|x64.Build.0 = Debug|Any CPU
		{C0466B1A-ECE7-4230-B12B-1B023A80196F}.Debug|x86.ActiveCfg = Debug|Any CPU
		{C0466B1A-ECE7-4230-B12B-1B023A80196F}.Debug|x86.Build.0 = Debug|Any CPU
		{C0466B1A-ECE7-4230-B12B-1B023A80196F}.Release|Any CPU.ActiveCfg = Release|Any CPU
		{C0466B1A-ECE7-4230-B12B-1B023A80196F}.Release|Any CPU.Build.0 = Release|Any CPU
		{C0466B1A-ECE7-4230-B12B-1B023A80196F}.Release|x64.ActiveCfg = Release|Any CPU
		{C0466B1A-ECE7-4230-B12B-1B023A80196F}.Release|x64.Build.0 = Release|Any CPU
		{C0466B1A-ECE7-4230-B12B-1B023A80196F}.Release|x86.ActiveCfg = Release|Any CPU
		{C0466B1A-ECE7-4230-B12B-1B023A80196F}.Release|x86.Build.0 = Release|Any CPU
		{CE07C9EE-A74A-4C46-AC18-6F71D802F490}.Debug|Any CPU.ActiveCfg = Debug|Any CPU
		{CE07C9EE-A74A-4C46-AC18-6F71D802F490}.Debug|Any CPU.Build.0 = Debug|Any CPU
		{CE07C9EE-A74A-4C46-AC18-6F71D802F490}.Debug|x64.ActiveCfg = Debug|Any CPU
		{CE07C9EE-A74A-4C46-AC18-6F71D802F490}.Debug|x64.Build.0 = Debug|Any CPU
		{CE07C9EE-A74A-4C46-AC18-6F71D802F490}.Debug|x86.ActiveCfg = Debug|Any CPU
		{CE07C9EE-A74A-4C46-AC18-6F71D802F490}.Debug|x86.Build.0 = Debug|Any CPU
		{CE07C9EE-A74A-4C46-AC18-6F71D802F490}.Release|Any CPU.ActiveCfg = Release|Any CPU
		{CE07C9EE-A74A-4C46-AC18-6F71D802F490}.Release|Any CPU.Build.0 = Release|Any CPU
		{CE07C9EE-A74A-4C46-AC18-6F71D802F490}.Release|x64.ActiveCfg = Release|Any CPU
		{CE07C9EE-A74A-4C46-AC18-6F71D802F490}.Release|x64.Build.0 = Release|Any CPU
		{CE07C9EE-A74A-4C46-AC18-6F71D802F490}.Release|x86.ActiveCfg = Release|Any CPU
		{CE07C9EE-A74A-4C46-AC18-6F71D802F490}.Release|x86.Build.0 = Release|Any CPU
		{F8160F7C-411B-4A98-91F5-12ED4378D7BD}.Debug|Any CPU.ActiveCfg = Debug|Any CPU
		{F8160F7C-411B-4A98-91F5-12ED4378D7BD}.Debug|Any CPU.Build.0 = Debug|Any CPU
		{F8160F7C-411B-4A98-91F5-12ED4378D7BD}.Debug|x64.ActiveCfg = Debug|Any CPU
		{F8160F7C-411B-4A98-91F5-12ED4378D7BD}.Debug|x64.Build.0 = Debug|Any CPU
		{F8160F7C-411B-4A98-91F5-12ED4378D7BD}.Debug|x86.ActiveCfg = Debug|Any CPU
		{F8160F7C-411B-4A98-91F5-12ED4378D7BD}.Debug|x86.Build.0 = Debug|Any CPU
		{F8160F7C-411B-4A98-91F5-12ED4378D7BD}.Release|Any CPU.ActiveCfg = Release|Any CPU
		{F8160F7C-411B-4A98-91F5-12ED4378D7BD}.Release|Any CPU.Build.0 = Release|Any CPU
		{F8160F7C-411B-4A98-91F5-12ED4378D7BD}.Release|x64.ActiveCfg = Release|Any CPU
		{F8160F7C-411B-4A98-91F5-12ED4378D7BD}.Release|x64.Build.0 = Release|Any CPU
		{F8160F7C-411B-4A98-91F5-12ED4378D7BD}.Release|x86.ActiveCfg = Release|Any CPU
		{F8160F7C-411B-4A98-91F5-12ED4378D7BD}.Release|x86.Build.0 = Release|Any CPU
		{7F773765-32A8-4443-8D26-F2F08F566E1F}.Debug|Any CPU.ActiveCfg = Debug|Any CPU
		{7F773765-32A8-4443-8D26-F2F08F566E1F}.Debug|Any CPU.Build.0 = Debug|Any CPU
		{7F773765-32A8-4443-8D26-F2F08F566E1F}.Debug|x64.ActiveCfg = Debug|Any CPU
		{7F773765-32A8-4443-8D26-F2F08F566E1F}.Debug|x64.Build.0 = Debug|Any CPU
		{7F773765-32A8-4443-8D26-F2F08F566E1F}.Debug|x86.ActiveCfg = Debug|Any CPU
		{7F773765-32A8-4443-8D26-F2F08F566E1F}.Debug|x86.Build.0 = Debug|Any CPU
		{7F773765-32A8-4443-8D26-F2F08F566E1F}.Release|Any CPU.ActiveCfg = Release|Any CPU
		{7F773765-32A8-4443-8D26-F2F08F566E1F}.Release|Any CPU.Build.0 = Release|Any CPU
		{7F773765-32A8-4443-8D26-F2F08F566E1F}.Release|x64.ActiveCfg = Release|Any CPU
		{7F773765-32A8-4443-8D26-F2F08F566E1F}.Release|x64.Build.0 = Release|Any CPU
		{7F773765-32A8-4443-8D26-F2F08F566E1F}.Release|x86.ActiveCfg = Release|Any CPU
		{7F773765-32A8-4443-8D26-F2F08F566E1F}.Release|x86.Build.0 = Release|Any CPU
		{725E13D1-7579-40B4-BE4F-09A1995C7D25}.Debug|Any CPU.ActiveCfg = Debug|Any CPU
		{725E13D1-7579-40B4-BE4F-09A1995C7D25}.Debug|Any CPU.Build.0 = Debug|Any CPU
		{725E13D1-7579-40B4-BE4F-09A1995C7D25}.Debug|x64.ActiveCfg = Debug|Any CPU
		{725E13D1-7579-40B4-BE4F-09A1995C7D25}.Debug|x64.Build.0 = Debug|Any CPU
		{725E13D1-7579-40B4-BE4F-09A1995C7D25}.Debug|x86.ActiveCfg = Debug|Any CPU
		{725E13D1-7579-40B4-BE4F-09A1995C7D25}.Debug|x86.Build.0 = Debug|Any CPU
		{725E13D1-7579-40B4-BE4F-09A1995C7D25}.Release|Any CPU.ActiveCfg = Release|Any CPU
		{725E13D1-7579-40B4-BE4F-09A1995C7D25}.Release|Any CPU.Build.0 = Release|Any CPU
		{725E13D1-7579-40B4-BE4F-09A1995C7D25}.Release|x64.ActiveCfg = Release|Any CPU
		{725E13D1-7579-40B4-BE4F-09A1995C7D25}.Release|x64.Build.0 = Release|Any CPU
		{725E13D1-7579-40B4-BE4F-09A1995C7D25}.Release|x86.ActiveCfg = Release|Any CPU
		{725E13D1-7579-40B4-BE4F-09A1995C7D25}.Release|x86.Build.0 = Release|Any CPU
		{665B903B-9AF1-4EDB-BF51-E70F8CA5932B}.Debug|Any CPU.ActiveCfg = Debug|Any CPU
		{665B903B-9AF1-4EDB-BF51-E70F8CA5932B}.Debug|Any CPU.Build.0 = Debug|Any CPU
		{665B903B-9AF1-4EDB-BF51-E70F8CA5932B}.Debug|x64.ActiveCfg = Debug|Any CPU
		{665B903B-9AF1-4EDB-BF51-E70F8CA5932B}.Debug|x64.Build.0 = Debug|Any CPU
		{665B903B-9AF1-4EDB-BF51-E70F8CA5932B}.Debug|x86.ActiveCfg = Debug|Any CPU
		{665B903B-9AF1-4EDB-BF51-E70F8CA5932B}.Debug|x86.Build.0 = Debug|Any CPU
		{665B903B-9AF1-4EDB-BF51-E70F8CA5932B}.Release|Any CPU.ActiveCfg = Release|Any CPU
		{665B903B-9AF1-4EDB-BF51-E70F8CA5932B}.Release|Any CPU.Build.0 = Release|Any CPU
		{665B903B-9AF1-4EDB-BF51-E70F8CA5932B}.Release|x64.ActiveCfg = Release|Any CPU
		{665B903B-9AF1-4EDB-BF51-E70F8CA5932B}.Release|x64.Build.0 = Release|Any CPU
		{665B903B-9AF1-4EDB-BF51-E70F8CA5932B}.Release|x86.ActiveCfg = Release|Any CPU
		{665B903B-9AF1-4EDB-BF51-E70F8CA5932B}.Release|x86.Build.0 = Release|Any CPU
		{0C9A862E-B88F-46F5-A36B-B5F2C47EE7BD}.Debug|Any CPU.ActiveCfg = Debug|Any CPU
		{0C9A862E-B88F-46F5-A36B-B5F2C47EE7BD}.Debug|Any CPU.Build.0 = Debug|Any CPU
		{0C9A862E-B88F-46F5-A36B-B5F2C47EE7BD}.Debug|x64.ActiveCfg = Debug|Any CPU
		{0C9A862E-B88F-46F5-A36B-B5F2C47EE7BD}.Debug|x64.Build.0 = Debug|Any CPU
		{0C9A862E-B88F-46F5-A36B-B5F2C47EE7BD}.Debug|x86.ActiveCfg = Debug|Any CPU
		{0C9A862E-B88F-46F5-A36B-B5F2C47EE7BD}.Debug|x86.Build.0 = Debug|Any CPU
		{0C9A862E-B88F-46F5-A36B-B5F2C47EE7BD}.Release|Any CPU.ActiveCfg = Release|Any CPU
		{0C9A862E-B88F-46F5-A36B-B5F2C47EE7BD}.Release|Any CPU.Build.0 = Release|Any CPU
		{0C9A862E-B88F-46F5-A36B-B5F2C47EE7BD}.Release|x64.ActiveCfg = Release|Any CPU
		{0C9A862E-B88F-46F5-A36B-B5F2C47EE7BD}.Release|x64.Build.0 = Release|Any CPU
		{0C9A862E-B88F-46F5-A36B-B5F2C47EE7BD}.Release|x86.ActiveCfg = Release|Any CPU
		{0C9A862E-B88F-46F5-A36B-B5F2C47EE7BD}.Release|x86.Build.0 = Release|Any CPU
		{93E6473B-BC80-453E-B51A-76EEF500B4DE}.Debug|Any CPU.ActiveCfg = Debug|Any CPU
		{93E6473B-BC80-453E-B51A-76EEF500B4DE}.Debug|Any CPU.Build.0 = Debug|Any CPU
		{93E6473B-BC80-453E-B51A-76EEF500B4DE}.Debug|x64.ActiveCfg = Debug|Any CPU
		{93E6473B-BC80-453E-B51A-76EEF500B4DE}.Debug|x64.Build.0 = Debug|Any CPU
		{93E6473B-BC80-453E-B51A-76EEF500B4DE}.Debug|x86.ActiveCfg = Debug|Any CPU
		{93E6473B-BC80-453E-B51A-76EEF500B4DE}.Debug|x86.Build.0 = Debug|Any CPU
		{93E6473B-BC80-453E-B51A-76EEF500B4DE}.Release|Any CPU.ActiveCfg = Release|Any CPU
		{93E6473B-BC80-453E-B51A-76EEF500B4DE}.Release|Any CPU.Build.0 = Release|Any CPU
		{93E6473B-BC80-453E-B51A-76EEF500B4DE}.Release|x64.ActiveCfg = Release|Any CPU
		{93E6473B-BC80-453E-B51A-76EEF500B4DE}.Release|x64.Build.0 = Release|Any CPU
		{93E6473B-BC80-453E-B51A-76EEF500B4DE}.Release|x86.ActiveCfg = Release|Any CPU
		{93E6473B-BC80-453E-B51A-76EEF500B4DE}.Release|x86.Build.0 = Release|Any CPU
		{7D1D027F-A8F5-48E5-9FF8-896093AACD58}.Debug|Any CPU.ActiveCfg = Debug|Any CPU
		{7D1D027F-A8F5-48E5-9FF8-896093AACD58}.Debug|Any CPU.Build.0 = Debug|Any CPU
		{7D1D027F-A8F5-48E5-9FF8-896093AACD58}.Debug|x64.ActiveCfg = Debug|Any CPU
		{7D1D027F-A8F5-48E5-9FF8-896093AACD58}.Debug|x64.Build.0 = Debug|Any CPU
		{7D1D027F-A8F5-48E5-9FF8-896093AACD58}.Debug|x86.ActiveCfg = Debug|Any CPU
		{7D1D027F-A8F5-48E5-9FF8-896093AACD58}.Debug|x86.Build.0 = Debug|Any CPU
		{7D1D027F-A8F5-48E5-9FF8-896093AACD58}.Release|Any CPU.ActiveCfg = Release|Any CPU
		{7D1D027F-A8F5-48E5-9FF8-896093AACD58}.Release|Any CPU.Build.0 = Release|Any CPU
		{7D1D027F-A8F5-48E5-9FF8-896093AACD58}.Release|x64.ActiveCfg = Release|Any CPU
		{7D1D027F-A8F5-48E5-9FF8-896093AACD58}.Release|x64.Build.0 = Release|Any CPU
		{7D1D027F-A8F5-48E5-9FF8-896093AACD58}.Release|x86.ActiveCfg = Release|Any CPU
		{7D1D027F-A8F5-48E5-9FF8-896093AACD58}.Release|x86.Build.0 = Release|Any CPU
		{324A9E93-3A34-4D83-ACCD-1A08D8B0CC1E}.Debug|Any CPU.ActiveCfg = Debug|Any CPU
		{324A9E93-3A34-4D83-ACCD-1A08D8B0CC1E}.Debug|Any CPU.Build.0 = Debug|Any CPU
		{324A9E93-3A34-4D83-ACCD-1A08D8B0CC1E}.Debug|x64.ActiveCfg = Debug|Any CPU
		{324A9E93-3A34-4D83-ACCD-1A08D8B0CC1E}.Debug|x64.Build.0 = Debug|Any CPU
		{324A9E93-3A34-4D83-ACCD-1A08D8B0CC1E}.Debug|x86.ActiveCfg = Debug|Any CPU
		{324A9E93-3A34-4D83-ACCD-1A08D8B0CC1E}.Debug|x86.Build.0 = Debug|Any CPU
		{324A9E93-3A34-4D83-ACCD-1A08D8B0CC1E}.Release|Any CPU.ActiveCfg = Release|Any CPU
		{324A9E93-3A34-4D83-ACCD-1A08D8B0CC1E}.Release|Any CPU.Build.0 = Release|Any CPU
		{324A9E93-3A34-4D83-ACCD-1A08D8B0CC1E}.Release|x64.ActiveCfg = Release|Any CPU
		{324A9E93-3A34-4D83-ACCD-1A08D8B0CC1E}.Release|x64.Build.0 = Release|Any CPU
		{324A9E93-3A34-4D83-ACCD-1A08D8B0CC1E}.Release|x86.ActiveCfg = Release|Any CPU
		{324A9E93-3A34-4D83-ACCD-1A08D8B0CC1E}.Release|x86.Build.0 = Release|Any CPU
		{B24A13F9-EEA2-4EC1-8516-8D0E7D6B5544}.Debug|Any CPU.ActiveCfg = Debug|Any CPU
		{B24A13F9-EEA2-4EC1-8516-8D0E7D6B5544}.Debug|Any CPU.Build.0 = Debug|Any CPU
		{B24A13F9-EEA2-4EC1-8516-8D0E7D6B5544}.Debug|x64.ActiveCfg = Debug|Any CPU
		{B24A13F9-EEA2-4EC1-8516-8D0E7D6B5544}.Debug|x64.Build.0 = Debug|Any CPU
		{B24A13F9-EEA2-4EC1-8516-8D0E7D6B5544}.Debug|x86.ActiveCfg = Debug|Any CPU
		{B24A13F9-EEA2-4EC1-8516-8D0E7D6B5544}.Debug|x86.Build.0 = Debug|Any CPU
		{B24A13F9-EEA2-4EC1-8516-8D0E7D6B5544}.Release|Any CPU.ActiveCfg = Release|Any CPU
		{B24A13F9-EEA2-4EC1-8516-8D0E7D6B5544}.Release|Any CPU.Build.0 = Release|Any CPU
		{B24A13F9-EEA2-4EC1-8516-8D0E7D6B5544}.Release|x64.ActiveCfg = Release|Any CPU
		{B24A13F9-EEA2-4EC1-8516-8D0E7D6B5544}.Release|x64.Build.0 = Release|Any CPU
		{B24A13F9-EEA2-4EC1-8516-8D0E7D6B5544}.Release|x86.ActiveCfg = Release|Any CPU
		{B24A13F9-EEA2-4EC1-8516-8D0E7D6B5544}.Release|x86.Build.0 = Release|Any CPU
		{91A02F32-1ECB-4B58-9D09-7E68F0FE5A61}.Debug|Any CPU.ActiveCfg = Debug|Any CPU
		{91A02F32-1ECB-4B58-9D09-7E68F0FE5A61}.Debug|Any CPU.Build.0 = Debug|Any CPU
		{91A02F32-1ECB-4B58-9D09-7E68F0FE5A61}.Debug|x64.ActiveCfg = Debug|Any CPU
		{91A02F32-1ECB-4B58-9D09-7E68F0FE5A61}.Debug|x64.Build.0 = Debug|Any CPU
		{91A02F32-1ECB-4B58-9D09-7E68F0FE5A61}.Debug|x86.ActiveCfg = Debug|Any CPU
		{91A02F32-1ECB-4B58-9D09-7E68F0FE5A61}.Debug|x86.Build.0 = Debug|Any CPU
		{91A02F32-1ECB-4B58-9D09-7E68F0FE5A61}.Release|Any CPU.ActiveCfg = Release|Any CPU
		{91A02F32-1ECB-4B58-9D09-7E68F0FE5A61}.Release|Any CPU.Build.0 = Release|Any CPU
		{91A02F32-1ECB-4B58-9D09-7E68F0FE5A61}.Release|x64.ActiveCfg = Release|Any CPU
		{91A02F32-1ECB-4B58-9D09-7E68F0FE5A61}.Release|x64.Build.0 = Release|Any CPU
		{91A02F32-1ECB-4B58-9D09-7E68F0FE5A61}.Release|x86.ActiveCfg = Release|Any CPU
		{91A02F32-1ECB-4B58-9D09-7E68F0FE5A61}.Release|x86.Build.0 = Release|Any CPU
		{F6C55D27-630D-4388-94DD-81C275E40F31}.Debug|Any CPU.ActiveCfg = Debug|Any CPU
		{F6C55D27-630D-4388-94DD-81C275E40F31}.Debug|Any CPU.Build.0 = Debug|Any CPU
		{F6C55D27-630D-4388-94DD-81C275E40F31}.Debug|x64.ActiveCfg = Debug|Any CPU
		{F6C55D27-630D-4388-94DD-81C275E40F31}.Debug|x64.Build.0 = Debug|Any CPU
		{F6C55D27-630D-4388-94DD-81C275E40F31}.Debug|x86.ActiveCfg = Debug|Any CPU
		{F6C55D27-630D-4388-94DD-81C275E40F31}.Debug|x86.Build.0 = Debug|Any CPU
		{F6C55D27-630D-4388-94DD-81C275E40F31}.Release|Any CPU.ActiveCfg = Release|Any CPU
		{F6C55D27-630D-4388-94DD-81C275E40F31}.Release|Any CPU.Build.0 = Release|Any CPU
		{F6C55D27-630D-4388-94DD-81C275E40F31}.Release|x64.ActiveCfg = Release|Any CPU
		{F6C55D27-630D-4388-94DD-81C275E40F31}.Release|x64.Build.0 = Release|Any CPU
		{F6C55D27-630D-4388-94DD-81C275E40F31}.Release|x86.ActiveCfg = Release|Any CPU
		{F6C55D27-630D-4388-94DD-81C275E40F31}.Release|x86.Build.0 = Release|Any CPU
		{AAEBC352-8F20-47B5-8BD2-A053B808A1F2}.Debug|Any CPU.ActiveCfg = Debug|Any CPU
		{AAEBC352-8F20-47B5-8BD2-A053B808A1F2}.Debug|Any CPU.Build.0 = Debug|Any CPU
		{AAEBC352-8F20-47B5-8BD2-A053B808A1F2}.Debug|x64.ActiveCfg = Debug|Any CPU
		{AAEBC352-8F20-47B5-8BD2-A053B808A1F2}.Debug|x64.Build.0 = Debug|Any CPU
		{AAEBC352-8F20-47B5-8BD2-A053B808A1F2}.Debug|x86.ActiveCfg = Debug|Any CPU
		{AAEBC352-8F20-47B5-8BD2-A053B808A1F2}.Debug|x86.Build.0 = Debug|Any CPU
		{AAEBC352-8F20-47B5-8BD2-A053B808A1F2}.Release|Any CPU.ActiveCfg = Release|Any CPU
		{AAEBC352-8F20-47B5-8BD2-A053B808A1F2}.Release|Any CPU.Build.0 = Release|Any CPU
		{AAEBC352-8F20-47B5-8BD2-A053B808A1F2}.Release|x64.ActiveCfg = Release|Any CPU
		{AAEBC352-8F20-47B5-8BD2-A053B808A1F2}.Release|x64.Build.0 = Release|Any CPU
		{AAEBC352-8F20-47B5-8BD2-A053B808A1F2}.Release|x86.ActiveCfg = Release|Any CPU
		{AAEBC352-8F20-47B5-8BD2-A053B808A1F2}.Release|x86.Build.0 = Release|Any CPU
		{444A4AF1-5F17-47B9-8986-820E25AF5D6A}.Debug|Any CPU.ActiveCfg = Debug|Any CPU
		{444A4AF1-5F17-47B9-8986-820E25AF5D6A}.Debug|Any CPU.Build.0 = Debug|Any CPU
		{444A4AF1-5F17-47B9-8986-820E25AF5D6A}.Debug|x64.ActiveCfg = Debug|Any CPU
		{444A4AF1-5F17-47B9-8986-820E25AF5D6A}.Debug|x64.Build.0 = Debug|Any CPU
		{444A4AF1-5F17-47B9-8986-820E25AF5D6A}.Debug|x86.ActiveCfg = Debug|Any CPU
		{444A4AF1-5F17-47B9-8986-820E25AF5D6A}.Debug|x86.Build.0 = Debug|Any CPU
		{444A4AF1-5F17-47B9-8986-820E25AF5D6A}.Release|Any CPU.ActiveCfg = Release|Any CPU
		{444A4AF1-5F17-47B9-8986-820E25AF5D6A}.Release|Any CPU.Build.0 = Release|Any CPU
		{444A4AF1-5F17-47B9-8986-820E25AF5D6A}.Release|x64.ActiveCfg = Release|Any CPU
		{444A4AF1-5F17-47B9-8986-820E25AF5D6A}.Release|x64.Build.0 = Release|Any CPU
		{444A4AF1-5F17-47B9-8986-820E25AF5D6A}.Release|x86.ActiveCfg = Release|Any CPU
		{444A4AF1-5F17-47B9-8986-820E25AF5D6A}.Release|x86.Build.0 = Release|Any CPU
	EndGlobalSection
	GlobalSection(SolutionProperties) = preSolution
		HideSolutionNode = FALSE
	EndGlobalSection
	GlobalSection(NestedProjects) = preSolution
		{2161F3AC-87BB-453A-94B0-B0734BE045F0} = {A8E112BF-3000-43C5-AE52-2159A7166A93}
		{24D21C4F-C873-4D1B-9309-31EF66572FD7} = {A8E112BF-3000-43C5-AE52-2159A7166A93}
		{497BF18D-D2DF-45AD-9BF7-09197E53A275} = {A8E112BF-3000-43C5-AE52-2159A7166A93}
		{A6E0AB41-33B9-415F-BD6D-770770754863} = {497BF18D-D2DF-45AD-9BF7-09197E53A275}
		{D03ED87D-B537-4667-BC2F-1F0CC5E5BB6B} = {A8E112BF-3000-43C5-AE52-2159A7166A93}
		{E8FE30FF-2AEC-47D4-8E8F-DCDF6015F275} = {D03ED87D-B537-4667-BC2F-1F0CC5E5BB6B}
		{A23823BA-3B2A-417F-9EC5-C7A2581F2319} = {D03ED87D-B537-4667-BC2F-1F0CC5E5BB6B}
		{C0466B1A-ECE7-4230-B12B-1B023A80196F} = {D03ED87D-B537-4667-BC2F-1F0CC5E5BB6B}
		{CE07C9EE-A74A-4C46-AC18-6F71D802F490} = {A8E112BF-3000-43C5-AE52-2159A7166A93}
		{F8160F7C-411B-4A98-91F5-12ED4378D7BD} = {A8E112BF-3000-43C5-AE52-2159A7166A93}
		{C4CBEBE6-47E2-441B-92AB-691CBCE9B39D} = {A8E112BF-3000-43C5-AE52-2159A7166A93}
		{7F773765-32A8-4443-8D26-F2F08F566E1F} = {C4CBEBE6-47E2-441B-92AB-691CBCE9B39D}
		{725E13D1-7579-40B4-BE4F-09A1995C7D25} = {C4CBEBE6-47E2-441B-92AB-691CBCE9B39D}
		{665B903B-9AF1-4EDB-BF51-E70F8CA5932B} = {497BF18D-D2DF-45AD-9BF7-09197E53A275}
		{0C9A862E-B88F-46F5-A36B-B5F2C47EE7BD} = {497BF18D-D2DF-45AD-9BF7-09197E53A275}
		{93E6473B-BC80-453E-B51A-76EEF500B4DE} = {A8E112BF-3000-43C5-AE52-2159A7166A93}
		{091B7675-CF41-41F6-A071-526F4E4FA708} = {A8E112BF-3000-43C5-AE52-2159A7166A93}
		{97E0F4E0-472D-4628-942B-B8BE68A3FFA1} = {091B7675-CF41-41F6-A071-526F4E4FA708}
		{7D1D027F-A8F5-48E5-9FF8-896093AACD58} = {97E0F4E0-472D-4628-942B-B8BE68A3FFA1}
		{324A9E93-3A34-4D83-ACCD-1A08D8B0CC1E} = {97E0F4E0-472D-4628-942B-B8BE68A3FFA1}
		{B24A13F9-EEA2-4EC1-8516-8D0E7D6B5544} = {A8E112BF-3000-43C5-AE52-2159A7166A93}
		{91A02F32-1ECB-4B58-9D09-7E68F0FE5A61} = {C4CBEBE6-47E2-441B-92AB-691CBCE9B39D}
		{F6C55D27-630D-4388-94DD-81C275E40F31} = {C4CBEBE6-47E2-441B-92AB-691CBCE9B39D}
		{AAEBC352-8F20-47B5-8BD2-A053B808A1F2} = {091B7675-CF41-41F6-A071-526F4E4FA708}
		{444A4AF1-5F17-47B9-8986-820E25AF5D6A} = {C4CBEBE6-47E2-441B-92AB-691CBCE9B39D}
	EndGlobalSection
	GlobalSection(ExtensibilityGlobals) = postSolution
		SolutionGuid = {A474DB60-81AD-4153-BC54-4A392E05AD7E}
	EndGlobalSection
EndGlobal
