
Microsoft Visual Studio Solution File, Format Version 12.00
# Visual Studio Version 16
VisualStudioVersion = 16.0.30709.132
MinimumVisualStudioVersion = 15.0.26124.0
Project("{2150E333-8FDC-42A3-9474-1A3956D46DE8}") = "src", "src", "{A8E112BF-3000-43C5-AE52-2159A7166A93}"
EndProject
Project("{9A19103F-16F7-4668-BE54-9A1E7A4F7556}") = "cloud", "src\cloud\cloud.csproj", "{2161F3AC-87BB-453A-94B0-B0734BE045F0}"
EndProject
Project("{9A19103F-16F7-4668-BE54-9A1E7A4F7556}") = "cnf", "src\cnf\cnf.csproj", "{24D21C4F-C873-4D1B-9309-31EF66572FD7}"
EndProject
Project("{9A19103F-16F7-4668-BE54-9A1E7A4F7556}") = "export-data", "src\export-data\export-data.csproj", "{A6E0AB41-33B9-415F-BD6D-770770754863}"
EndProject
Project("{2150E333-8FDC-42A3-9474-1A3956D46DE8}") = "hardware", "hardware", "{D03ED87D-B537-4667-BC2F-1F0CC5E5BB6B}"
EndProject
Project("{9A19103F-16F7-4668-BE54-9A1E7A4F7556}") = "Detector", "src\hardware\Detector\Detector.csproj", "{E8FE30FF-2AEC-47D4-8E8F-DCDF6015F275}"
EndProject
Project("{9A19103F-16F7-4668-BE54-9A1E7A4F7556}") = "SampleChanger", "src\hardware\SampleChanger\SampleChanger.csproj", "{A23823BA-3B2A-417F-9EC5-C7A2581F2319}"
EndProject
Project("{9A19103F-16F7-4668-BE54-9A1E7A4F7556}") = "Scales", "src\hardware\Scales\Scales.csproj", "{C0466B1A-ECE7-4230-B12B-1B023A80196F}"
EndProject
Project("{9A19103F-16F7-4668-BE54-9A1E7A4F7556}") = "base", "src\base\base.csproj", "{CE07C9EE-A74A-4C46-AC18-6F71D802F490}"
EndProject
Project("{2150E333-8FDC-42A3-9474-1A3956D46DE8}") = "tests", "tests", "{C4CBEBE6-47E2-441B-92AB-691CBCE9B39D}"
EndProject
Project("{9A19103F-16F7-4668-BE54-9A1E7A4F7556}") = "WinFormsTemplates", "src\ui_templates\WinFormsTemplates\WinFormsTemplates.csproj", "{B24A13F9-EEA2-4EC1-8516-8D0E7D6B5544}"
EndProject
Project("{9A19103F-16F7-4668-BE54-9A1E7A4F7556}") = "settingsTest", "tests\settingsTest\settingsTest.csproj", "{91A02F32-1ECB-4B58-9D09-7E68F0FE5A61}"
EndProject
Project("{9A19103F-16F7-4668-BE54-9A1E7A4F7556}") = "reportTest", "tests\reportTest\reportTest.csproj", "{F6C55D27-630D-4388-94DD-81C275E40F31}"
EndProject
Project("{9A19103F-16F7-4668-BE54-9A1E7A4F7556}") = "detectorTest", "tests\hardwareTest\detectorTest\detectorTest.csproj", "{444A4AF1-5F17-47B9-8986-820E25AF5D6A}"
EndProject
Project("{9A19103F-16F7-4668-BE54-9A1E7A4F7556}") = "cloudTest", "tests\cloudTest\cloudTest.csproj", "{3E88966F-8A0D-41A4-9EB2-94FE81A45344}"
EndProject
Project("{9A19103F-16F7-4668-BE54-9A1E7A4F7556}") = "WinFormsTemplateTest", "tests\WinFormsTemplateTest\WinFormsTemplateTest.csproj", "{580674E3-CE0E-4A95-B2AE-57A699692211}"
EndProject
Project("{2150E333-8FDC-42A3-9474-1A3956D46DE8}") = "Solution Items", "Solution Items", "{517DC070-7489-4541-81E8-4659ECCA9377}"
	ProjectSection(SolutionItems) = preProject
		build.ps1 = build.ps1
		README.md = README.md
	EndProjectSection
EndProject
Project("{9A19103F-16F7-4668-BE54-9A1E7A4F7556}") = "collections", "src\collections\collections.csproj", "{A6210970-160F-40A5-A818-F058FA0A8338}"
EndProject
Project("{9A19103F-16F7-4668-BE54-9A1E7A4F7556}") = "collectionsTest", "tests\collectionsTest\collectionsTest.csproj", "{F2A07D25-9D47-464A-AE02-20C47F9E39C1}"
EndProject
Global
	GlobalSection(SolutionConfigurationPlatforms) = preSolution
		Debug|Any CPU = Debug|Any CPU
		Debug|x64 = Debug|x64
		Debug|x86 = Debug|x86
		Release|Any CPU = Release|Any CPU
		Release|x64 = Release|x64
		Release|x86 = Release|x86
	EndGlobalSection
	GlobalSection(ProjectConfigurationPlatforms) = postSolution
		{2161F3AC-87BB-453A-94B0-B0734BE045F0}.Debug|Any CPU.ActiveCfg = Debug|Any CPU
		{2161F3AC-87BB-453A-94B0-B0734BE045F0}.Debug|Any CPU.Build.0 = Debug|Any CPU
		{2161F3AC-87BB-453A-94B0-B0734BE045F0}.Debug|x64.ActiveCfg = Debug|Any CPU
		{2161F3AC-87BB-453A-94B0-B0734BE045F0}.Debug|x64.Build.0 = Debug|Any CPU
		{2161F3AC-87BB-453A-94B0-B0734BE045F0}.Debug|x86.ActiveCfg = Debug|Any CPU
		{2161F3AC-87BB-453A-94B0-B0734BE045F0}.Debug|x86.Build.0 = Debug|Any CPU
		{2161F3AC-87BB-453A-94B0-B0734BE045F0}.Release|Any CPU.ActiveCfg = Release|Any CPU
		{2161F3AC-87BB-453A-94B0-B0734BE045F0}.Release|Any CPU.Build.0 = Release|Any CPU
		{2161F3AC-87BB-453A-94B0-B0734BE045F0}.Release|x64.ActiveCfg = Release|Any CPU
		{2161F3AC-87BB-453A-94B0-B0734BE045F0}.Release|x64.Build.0 = Release|Any CPU
		{2161F3AC-87BB-453A-94B0-B0734BE045F0}.Release|x86.ActiveCfg = Release|Any CPU
		{2161F3AC-87BB-453A-94B0-B0734BE045F0}.Release|x86.Build.0 = Release|Any CPU
		{24D21C4F-C873-4D1B-9309-31EF66572FD7}.Debug|Any CPU.ActiveCfg = Debug|Any CPU
		{24D21C4F-C873-4D1B-9309-31EF66572FD7}.Debug|Any CPU.Build.0 = Debug|Any CPU
		{24D21C4F-C873-4D1B-9309-31EF66572FD7}.Debug|x64.ActiveCfg = Debug|Any CPU
		{24D21C4F-C873-4D1B-9309-31EF66572FD7}.Debug|x64.Build.0 = Debug|Any CPU
		{24D21C4F-C873-4D1B-9309-31EF66572FD7}.Debug|x86.ActiveCfg = Debug|Any CPU
		{24D21C4F-C873-4D1B-9309-31EF66572FD7}.Debug|x86.Build.0 = Debug|Any CPU
		{24D21C4F-C873-4D1B-9309-31EF66572FD7}.Release|Any CPU.ActiveCfg = Release|Any CPU
		{24D21C4F-C873-4D1B-9309-31EF66572FD7}.Release|Any CPU.Build.0 = Release|Any CPU
		{24D21C4F-C873-4D1B-9309-31EF66572FD7}.Release|x64.ActiveCfg = Release|Any CPU
		{24D21C4F-C873-4D1B-9309-31EF66572FD7}.Release|x64.Build.0 = Release|Any CPU
		{24D21C4F-C873-4D1B-9309-31EF66572FD7}.Release|x86.ActiveCfg = Release|Any CPU
		{24D21C4F-C873-4D1B-9309-31EF66572FD7}.Release|x86.Build.0 = Release|Any CPU
		{A6E0AB41-33B9-415F-BD6D-770770754863}.Debug|Any CPU.ActiveCfg = Debug|Any CPU
		{A6E0AB41-33B9-415F-BD6D-770770754863}.Debug|Any CPU.Build.0 = Debug|Any CPU
		{A6E0AB41-33B9-415F-BD6D-770770754863}.Debug|x64.ActiveCfg = Debug|Any CPU
		{A6E0AB41-33B9-415F-BD6D-770770754863}.Debug|x64.Build.0 = Debug|Any CPU
		{A6E0AB41-33B9-415F-BD6D-770770754863}.Debug|x86.ActiveCfg = Debug|Any CPU
		{A6E0AB41-33B9-415F-BD6D-770770754863}.Debug|x86.Build.0 = Debug|Any CPU
		{A6E0AB41-33B9-415F-BD6D-770770754863}.Release|Any CPU.ActiveCfg = Release|Any CPU
		{A6E0AB41-33B9-415F-BD6D-770770754863}.Release|Any CPU.Build.0 = Release|Any CPU
		{A6E0AB41-33B9-415F-BD6D-770770754863}.Release|x64.ActiveCfg = Release|Any CPU
		{A6E0AB41-33B9-415F-BD6D-770770754863}.Release|x64.Build.0 = Release|Any CPU
		{A6E0AB41-33B9-415F-BD6D-770770754863}.Release|x86.ActiveCfg = Release|Any CPU
		{A6E0AB41-33B9-415F-BD6D-770770754863}.Release|x86.Build.0 = Release|Any CPU
		{E8FE30FF-2AEC-47D4-8E8F-DCDF6015F275}.Debug|Any CPU.ActiveCfg = Debug|Any CPU
		{E8FE30FF-2AEC-47D4-8E8F-DCDF6015F275}.Debug|Any CPU.Build.0 = Debug|Any CPU
		{E8FE30FF-2AEC-47D4-8E8F-DCDF6015F275}.Debug|x64.ActiveCfg = Debug|Any CPU
		{E8FE30FF-2AEC-47D4-8E8F-DCDF6015F275}.Debug|x64.Build.0 = Debug|Any CPU
		{E8FE30FF-2AEC-47D4-8E8F-DCDF6015F275}.Debug|x86.ActiveCfg = Debug|Any CPU
		{E8FE30FF-2AEC-47D4-8E8F-DCDF6015F275}.Debug|x86.Build.0 = Debug|Any CPU
		{E8FE30FF-2AEC-47D4-8E8F-DCDF6015F275}.Release|Any CPU.ActiveCfg = Release|Any CPU
		{E8FE30FF-2AEC-47D4-8E8F-DCDF6015F275}.Release|Any CPU.Build.0 = Release|Any CPU
		{E8FE30FF-2AEC-47D4-8E8F-DCDF6015F275}.Release|x64.ActiveCfg = Release|Any CPU
		{E8FE30FF-2AEC-47D4-8E8F-DCDF6015F275}.Release|x64.Build.0 = Release|Any CPU
		{E8FE30FF-2AEC-47D4-8E8F-DCDF6015F275}.Release|x86.ActiveCfg = Release|Any CPU
		{E8FE30FF-2AEC-47D4-8E8F-DCDF6015F275}.Release|x86.Build.0 = Release|Any CPU
		{A23823BA-3B2A-417F-9EC5-C7A2581F2319}.Debug|Any CPU.ActiveCfg = Debug|Any CPU
		{A23823BA-3B2A-417F-9EC5-C7A2581F2319}.Debug|Any CPU.Build.0 = Debug|Any CPU
		{A23823BA-3B2A-417F-9EC5-C7A2581F2319}.Debug|x64.ActiveCfg = Debug|Any CPU
		{A23823BA-3B2A-417F-9EC5-C7A2581F2319}.Debug|x64.Build.0 = Debug|Any CPU
		{A23823BA-3B2A-417F-9EC5-C7A2581F2319}.Debug|x86.ActiveCfg = Debug|Any CPU
		{A23823BA-3B2A-417F-9EC5-C7A2581F2319}.Debug|x86.Build.0 = Debug|Any CPU
		{A23823BA-3B2A-417F-9EC5-C7A2581F2319}.Release|Any CPU.ActiveCfg = Release|Any CPU
		{A23823BA-3B2A-417F-9EC5-C7A2581F2319}.Release|Any CPU.Build.0 = Release|Any CPU
		{A23823BA-3B2A-417F-9EC5-C7A2581F2319}.Release|x64.ActiveCfg = Release|Any CPU
		{A23823BA-3B2A-417F-9EC5-C7A2581F2319}.Release|x64.Build.0 = Release|Any CPU
		{A23823BA-3B2A-417F-9EC5-C7A2581F2319}.Release|x86.ActiveCfg = Release|Any CPU
		{A23823BA-3B2A-417F-9EC5-C7A2581F2319}.Release|x86.Build.0 = Release|Any CPU
		{C0466B1A-ECE7-4230-B12B-1B023A80196F}.Debug|Any CPU.ActiveCfg = Debug|Any CPU
		{C0466B1A-ECE7-4230-B12B-1B023A80196F}.Debug|Any CPU.Build.0 = Debug|Any CPU
		{C0466B1A-ECE7-4230-B12B-1B023A80196F}.Debug|x64.ActiveCfg = Debug|Any CPU
		{C0466B1A-ECE7-4230-B12B-1B023A80196F}.Debug|x64.Build.0 = Debug|Any CPU
		{C0466B1A-ECE7-4230-B12B-1B023A80196F}.Debug|x86.ActiveCfg = Debug|Any CPU
		{C0466B1A-ECE7-4230-B12B-1B023A80196F}.Debug|x86.Build.0 = Debug|Any CPU
		{C0466B1A-ECE7-4230-B12B-1B023A80196F}.Release|Any CPU.ActiveCfg = Release|Any CPU
		{C0466B1A-ECE7-4230-B12B-1B023A80196F}.Release|Any CPU.Build.0 = Release|Any CPU
		{C0466B1A-ECE7-4230-B12B-1B023A80196F}.Release|x64.ActiveCfg = Release|Any CPU
		{C0466B1A-ECE7-4230-B12B-1B023A80196F}.Release|x64.Build.0 = Release|Any CPU
		{C0466B1A-ECE7-4230-B12B-1B023A80196F}.Release|x86.ActiveCfg = Release|Any CPU
		{C0466B1A-ECE7-4230-B12B-1B023A80196F}.Release|x86.Build.0 = Release|Any CPU
		{CE07C9EE-A74A-4C46-AC18-6F71D802F490}.Debug|Any CPU.ActiveCfg = Debug|Any CPU
		{CE07C9EE-A74A-4C46-AC18-6F71D802F490}.Debug|Any CPU.Build.0 = Debug|Any CPU
		{CE07C9EE-A74A-4C46-AC18-6F71D802F490}.Debug|x64.ActiveCfg = Debug|Any CPU
		{CE07C9EE-A74A-4C46-AC18-6F71D802F490}.Debug|x64.Build.0 = Debug|Any CPU
		{CE07C9EE-A74A-4C46-AC18-6F71D802F490}.Debug|x86.ActiveCfg = Debug|Any CPU
		{CE07C9EE-A74A-4C46-AC18-6F71D802F490}.Debug|x86.Build.0 = Debug|Any CPU
		{CE07C9EE-A74A-4C46-AC18-6F71D802F490}.Release|Any CPU.ActiveCfg = Release|Any CPU
		{CE07C9EE-A74A-4C46-AC18-6F71D802F490}.Release|Any CPU.Build.0 = Release|Any CPU
		{CE07C9EE-A74A-4C46-AC18-6F71D802F490}.Release|x64.ActiveCfg = Release|Any CPU
		{CE07C9EE-A74A-4C46-AC18-6F71D802F490}.Release|x64.Build.0 = Release|Any CPU
		{CE07C9EE-A74A-4C46-AC18-6F71D802F490}.Release|x86.ActiveCfg = Release|Any CPU
		{CE07C9EE-A74A-4C46-AC18-6F71D802F490}.Release|x86.Build.0 = Release|Any CPU
		{B24A13F9-EEA2-4EC1-8516-8D0E7D6B5544}.Debug|Any CPU.ActiveCfg = Debug|Any CPU
		{B24A13F9-EEA2-4EC1-8516-8D0E7D6B5544}.Debug|Any CPU.Build.0 = Debug|Any CPU
		{B24A13F9-EEA2-4EC1-8516-8D0E7D6B5544}.Debug|x64.ActiveCfg = Debug|Any CPU
		{B24A13F9-EEA2-4EC1-8516-8D0E7D6B5544}.Debug|x64.Build.0 = Debug|Any CPU
		{B24A13F9-EEA2-4EC1-8516-8D0E7D6B5544}.Debug|x86.ActiveCfg = Debug|Any CPU
		{B24A13F9-EEA2-4EC1-8516-8D0E7D6B5544}.Debug|x86.Build.0 = Debug|Any CPU
		{B24A13F9-EEA2-4EC1-8516-8D0E7D6B5544}.Release|Any CPU.ActiveCfg = Release|Any CPU
		{B24A13F9-EEA2-4EC1-8516-8D0E7D6B5544}.Release|Any CPU.Build.0 = Release|Any CPU
		{B24A13F9-EEA2-4EC1-8516-8D0E7D6B5544}.Release|x64.ActiveCfg = Release|Any CPU
		{B24A13F9-EEA2-4EC1-8516-8D0E7D6B5544}.Release|x64.Build.0 = Release|Any CPU
		{B24A13F9-EEA2-4EC1-8516-8D0E7D6B5544}.Release|x86.ActiveCfg = Release|Any CPU
		{B24A13F9-EEA2-4EC1-8516-8D0E7D6B5544}.Release|x86.Build.0 = Release|Any CPU
		{91A02F32-1ECB-4B58-9D09-7E68F0FE5A61}.Debug|Any CPU.ActiveCfg = Debug|Any CPU
		{91A02F32-1ECB-4B58-9D09-7E68F0FE5A61}.Debug|Any CPU.Build.0 = Debug|Any CPU
		{91A02F32-1ECB-4B58-9D09-7E68F0FE5A61}.Debug|x64.ActiveCfg = Debug|Any CPU
		{91A02F32-1ECB-4B58-9D09-7E68F0FE5A61}.Debug|x64.Build.0 = Debug|Any CPU
		{91A02F32-1ECB-4B58-9D09-7E68F0FE5A61}.Debug|x86.ActiveCfg = Debug|Any CPU
		{91A02F32-1ECB-4B58-9D09-7E68F0FE5A61}.Debug|x86.Build.0 = Debug|Any CPU
		{91A02F32-1ECB-4B58-9D09-7E68F0FE5A61}.Release|Any CPU.ActiveCfg = Release|Any CPU
		{91A02F32-1ECB-4B58-9D09-7E68F0FE5A61}.Release|Any CPU.Build.0 = Release|Any CPU
		{91A02F32-1ECB-4B58-9D09-7E68F0FE5A61}.Release|x64.ActiveCfg = Release|Any CPU
		{91A02F32-1ECB-4B58-9D09-7E68F0FE5A61}.Release|x64.Build.0 = Release|Any CPU
		{91A02F32-1ECB-4B58-9D09-7E68F0FE5A61}.Release|x86.ActiveCfg = Release|Any CPU
		{91A02F32-1ECB-4B58-9D09-7E68F0FE5A61}.Release|x86.Build.0 = Release|Any CPU
		{F6C55D27-630D-4388-94DD-81C275E40F31}.Debug|Any CPU.ActiveCfg = Debug|Any CPU
		{F6C55D27-630D-4388-94DD-81C275E40F31}.Debug|Any CPU.Build.0 = Debug|Any CPU
		{F6C55D27-630D-4388-94DD-81C275E40F31}.Debug|x64.ActiveCfg = Debug|Any CPU
		{F6C55D27-630D-4388-94DD-81C275E40F31}.Debug|x64.Build.0 = Debug|Any CPU
		{F6C55D27-630D-4388-94DD-81C275E40F31}.Debug|x86.ActiveCfg = Debug|Any CPU
		{F6C55D27-630D-4388-94DD-81C275E40F31}.Debug|x86.Build.0 = Debug|Any CPU
		{F6C55D27-630D-4388-94DD-81C275E40F31}.Release|Any CPU.ActiveCfg = Release|Any CPU
		{F6C55D27-630D-4388-94DD-81C275E40F31}.Release|Any CPU.Build.0 = Release|Any CPU
		{F6C55D27-630D-4388-94DD-81C275E40F31}.Release|x64.ActiveCfg = Release|Any CPU
		{F6C55D27-630D-4388-94DD-81C275E40F31}.Release|x64.Build.0 = Release|Any CPU
		{F6C55D27-630D-4388-94DD-81C275E40F31}.Release|x86.ActiveCfg = Release|Any CPU
		{F6C55D27-630D-4388-94DD-81C275E40F31}.Release|x86.Build.0 = Release|Any CPU
		{444A4AF1-5F17-47B9-8986-820E25AF5D6A}.Debug|Any CPU.ActiveCfg = Debug|Any CPU
		{444A4AF1-5F17-47B9-8986-820E25AF5D6A}.Debug|Any CPU.Build.0 = Debug|Any CPU
		{444A4AF1-5F17-47B9-8986-820E25AF5D6A}.Debug|x64.ActiveCfg = Debug|Any CPU
		{444A4AF1-5F17-47B9-8986-820E25AF5D6A}.Debug|x64.Build.0 = Debug|Any CPU
		{444A4AF1-5F17-47B9-8986-820E25AF5D6A}.Debug|x86.ActiveCfg = Debug|Any CPU
		{444A4AF1-5F17-47B9-8986-820E25AF5D6A}.Debug|x86.Build.0 = Debug|Any CPU
		{444A4AF1-5F17-47B9-8986-820E25AF5D6A}.Release|Any CPU.ActiveCfg = Release|Any CPU
		{444A4AF1-5F17-47B9-8986-820E25AF5D6A}.Release|Any CPU.Build.0 = Release|Any CPU
		{444A4AF1-5F17-47B9-8986-820E25AF5D6A}.Release|x64.ActiveCfg = Release|Any CPU
		{444A4AF1-5F17-47B9-8986-820E25AF5D6A}.Release|x64.Build.0 = Release|Any CPU
		{444A4AF1-5F17-47B9-8986-820E25AF5D6A}.Release|x86.ActiveCfg = Release|Any CPU
		{444A4AF1-5F17-47B9-8986-820E25AF5D6A}.Release|x86.Build.0 = Release|Any CPU
		{3E88966F-8A0D-41A4-9EB2-94FE81A45344}.Debug|Any CPU.ActiveCfg = Debug|Any CPU
		{3E88966F-8A0D-41A4-9EB2-94FE81A45344}.Debug|Any CPU.Build.0 = Debug|Any CPU
		{3E88966F-8A0D-41A4-9EB2-94FE81A45344}.Debug|x64.ActiveCfg = Debug|Any CPU
		{3E88966F-8A0D-41A4-9EB2-94FE81A45344}.Debug|x64.Build.0 = Debug|Any CPU
		{3E88966F-8A0D-41A4-9EB2-94FE81A45344}.Debug|x86.ActiveCfg = Debug|Any CPU
		{3E88966F-8A0D-41A4-9EB2-94FE81A45344}.Debug|x86.Build.0 = Debug|Any CPU
		{3E88966F-8A0D-41A4-9EB2-94FE81A45344}.Release|Any CPU.ActiveCfg = Release|Any CPU
		{3E88966F-8A0D-41A4-9EB2-94FE81A45344}.Release|Any CPU.Build.0 = Release|Any CPU
		{3E88966F-8A0D-41A4-9EB2-94FE81A45344}.Release|x64.ActiveCfg = Release|Any CPU
		{3E88966F-8A0D-41A4-9EB2-94FE81A45344}.Release|x64.Build.0 = Release|Any CPU
		{3E88966F-8A0D-41A4-9EB2-94FE81A45344}.Release|x86.ActiveCfg = Release|Any CPU
		{3E88966F-8A0D-41A4-9EB2-94FE81A45344}.Release|x86.Build.0 = Release|Any CPU
		{580674E3-CE0E-4A95-B2AE-57A699692211}.Debug|Any CPU.ActiveCfg = Debug|Any CPU
		{580674E3-CE0E-4A95-B2AE-57A699692211}.Debug|Any CPU.Build.0 = Debug|Any CPU
		{580674E3-CE0E-4A95-B2AE-57A699692211}.Debug|x64.ActiveCfg = Debug|Any CPU
		{580674E3-CE0E-4A95-B2AE-57A699692211}.Debug|x64.Build.0 = Debug|Any CPU
		{580674E3-CE0E-4A95-B2AE-57A699692211}.Debug|x86.ActiveCfg = Debug|Any CPU
		{580674E3-CE0E-4A95-B2AE-57A699692211}.Debug|x86.Build.0 = Debug|Any CPU
		{580674E3-CE0E-4A95-B2AE-57A699692211}.Release|Any CPU.ActiveCfg = Release|Any CPU
		{580674E3-CE0E-4A95-B2AE-57A699692211}.Release|Any CPU.Build.0 = Release|Any CPU
		{580674E3-CE0E-4A95-B2AE-57A699692211}.Release|x64.ActiveCfg = Release|Any CPU
		{580674E3-CE0E-4A95-B2AE-57A699692211}.Release|x64.Build.0 = Release|Any CPU
		{580674E3-CE0E-4A95-B2AE-57A699692211}.Release|x86.ActiveCfg = Release|Any CPU
		{580674E3-CE0E-4A95-B2AE-57A699692211}.Release|x86.Build.0 = Release|Any CPU
		{A6210970-160F-40A5-A818-F058FA0A8338}.Debug|Any CPU.ActiveCfg = Debug|Any CPU
		{A6210970-160F-40A5-A818-F058FA0A8338}.Debug|Any CPU.Build.0 = Debug|Any CPU
		{A6210970-160F-40A5-A818-F058FA0A8338}.Debug|x64.ActiveCfg = Debug|Any CPU
		{A6210970-160F-40A5-A818-F058FA0A8338}.Debug|x64.Build.0 = Debug|Any CPU
		{A6210970-160F-40A5-A818-F058FA0A8338}.Debug|x86.ActiveCfg = Debug|Any CPU
		{A6210970-160F-40A5-A818-F058FA0A8338}.Debug|x86.Build.0 = Debug|Any CPU
		{A6210970-160F-40A5-A818-F058FA0A8338}.Release|Any CPU.ActiveCfg = Release|Any CPU
		{A6210970-160F-40A5-A818-F058FA0A8338}.Release|Any CPU.Build.0 = Release|Any CPU
		{A6210970-160F-40A5-A818-F058FA0A8338}.Release|x64.ActiveCfg = Release|Any CPU
		{A6210970-160F-40A5-A818-F058FA0A8338}.Release|x64.Build.0 = Release|Any CPU
		{A6210970-160F-40A5-A818-F058FA0A8338}.Release|x86.ActiveCfg = Release|Any CPU
		{A6210970-160F-40A5-A818-F058FA0A8338}.Release|x86.Build.0 = Release|Any CPU
		{F2A07D25-9D47-464A-AE02-20C47F9E39C1}.Debug|Any CPU.ActiveCfg = Debug|Any CPU
		{F2A07D25-9D47-464A-AE02-20C47F9E39C1}.Debug|Any CPU.Build.0 = Debug|Any CPU
		{F2A07D25-9D47-464A-AE02-20C47F9E39C1}.Debug|x64.ActiveCfg = Debug|Any CPU
		{F2A07D25-9D47-464A-AE02-20C47F9E39C1}.Debug|x64.Build.0 = Debug|Any CPU
		{F2A07D25-9D47-464A-AE02-20C47F9E39C1}.Debug|x86.ActiveCfg = Debug|Any CPU
		{F2A07D25-9D47-464A-AE02-20C47F9E39C1}.Debug|x86.Build.0 = Debug|Any CPU
		{F2A07D25-9D47-464A-AE02-20C47F9E39C1}.Release|Any CPU.ActiveCfg = Release|Any CPU
		{F2A07D25-9D47-464A-AE02-20C47F9E39C1}.Release|Any CPU.Build.0 = Release|Any CPU
		{F2A07D25-9D47-464A-AE02-20C47F9E39C1}.Release|x64.ActiveCfg = Release|Any CPU
		{F2A07D25-9D47-464A-AE02-20C47F9E39C1}.Release|x64.Build.0 = Release|Any CPU
		{F2A07D25-9D47-464A-AE02-20C47F9E39C1}.Release|x86.ActiveCfg = Release|Any CPU
		{F2A07D25-9D47-464A-AE02-20C47F9E39C1}.Release|x86.Build.0 = Release|Any CPU
	EndGlobalSection
	GlobalSection(SolutionProperties) = preSolution
		HideSolutionNode = FALSE
	EndGlobalSection
	GlobalSection(NestedProjects) = preSolution
		{2161F3AC-87BB-453A-94B0-B0734BE045F0} = {A8E112BF-3000-43C5-AE52-2159A7166A93}
		{24D21C4F-C873-4D1B-9309-31EF66572FD7} = {A8E112BF-3000-43C5-AE52-2159A7166A93}
		{A6E0AB41-33B9-415F-BD6D-770770754863} = {A8E112BF-3000-43C5-AE52-2159A7166A93}
		{D03ED87D-B537-4667-BC2F-1F0CC5E5BB6B} = {A8E112BF-3000-43C5-AE52-2159A7166A93}
		{E8FE30FF-2AEC-47D4-8E8F-DCDF6015F275} = {D03ED87D-B537-4667-BC2F-1F0CC5E5BB6B}
		{A23823BA-3B2A-417F-9EC5-C7A2581F2319} = {D03ED87D-B537-4667-BC2F-1F0CC5E5BB6B}
		{C0466B1A-ECE7-4230-B12B-1B023A80196F} = {D03ED87D-B537-4667-BC2F-1F0CC5E5BB6B}
		{CE07C9EE-A74A-4C46-AC18-6F71D802F490} = {A8E112BF-3000-43C5-AE52-2159A7166A93}
		{C4CBEBE6-47E2-441B-92AB-691CBCE9B39D} = {A8E112BF-3000-43C5-AE52-2159A7166A93}
		{B24A13F9-EEA2-4EC1-8516-8D0E7D6B5544} = {A8E112BF-3000-43C5-AE52-2159A7166A93}
		{91A02F32-1ECB-4B58-9D09-7E68F0FE5A61} = {C4CBEBE6-47E2-441B-92AB-691CBCE9B39D}
		{F6C55D27-630D-4388-94DD-81C275E40F31} = {C4CBEBE6-47E2-441B-92AB-691CBCE9B39D}
		{444A4AF1-5F17-47B9-8986-820E25AF5D6A} = {C4CBEBE6-47E2-441B-92AB-691CBCE9B39D}
		{3E88966F-8A0D-41A4-9EB2-94FE81A45344} = {C4CBEBE6-47E2-441B-92AB-691CBCE9B39D}
		{580674E3-CE0E-4A95-B2AE-57A699692211} = {C4CBEBE6-47E2-441B-92AB-691CBCE9B39D}
		{A6210970-160F-40A5-A818-F058FA0A8338} = {A8E112BF-3000-43C5-AE52-2159A7166A93}
		{F2A07D25-9D47-464A-AE02-20C47F9E39C1} = {C4CBEBE6-47E2-441B-92AB-691CBCE9B39D}
	EndGlobalSection
	GlobalSection(ExtensibilityGlobals) = postSolution
		SolutionGuid = {A474DB60-81AD-4153-BC54-4A392E05AD7E}
	EndGlobalSection
EndGlobal
