
Microsoft Visual Studio Solution File, Format Version 12.00
# Visual Studio 15
VisualStudioVersion = 15.0.26124.0
MinimumVisualStudioVersion = 15.0.26124.0
Project("{2150E333-8FDC-42A3-9474-1A3956D46DE8}") = "tests", "tests", "{FDC3B894-6A37-486C-A8E7-AD1A2453E610}"
EndProject
Project("{FAE04EC0-301F-11D3-BF4B-00C04F79EFBC}") = "UtilitiesTest", "tests\UtilitiesTest\UtilitiesTest.csproj", "{B1FD4FA6-010B-4BA2-ACB2-E87D44ECF17E}"
EndProject
Project("{FAE04EC0-301F-11D3-BF4B-00C04F79EFBC}") = "UITemplatesWinForm", "UITemplatesWinForm\UITemplatesWinForm.csproj", "{34E89774-79B1-465B-B7D5-BEEE221C5375}"
EndProject
Project("{FAE04EC0-301F-11D3-BF4B-00C04F79EFBC}") = "Utilities", "Utilities\Utilities.csproj", "{ADD56419-44B4-4296-A693-117CBBB31D59}"
EndProject
Global
	GlobalSection(SolutionConfigurationPlatforms) = preSolution
		Debug|Any CPU = Debug|Any CPU
		Debug|x64 = Debug|x64
		Debug|x86 = Debug|x86
		Release|Any CPU = Release|Any CPU
		Release|x64 = Release|x64
		Release|x86 = Release|x86
	EndGlobalSection
	GlobalSection(SolutionProperties) = preSolution
		HideSolutionNode = FALSE
	EndGlobalSection
	GlobalSection(ProjectConfigurationPlatforms) = postSolution
		{B1FD4FA6-010B-4BA2-ACB2-E87D44ECF17E}.Debug|Any CPU.ActiveCfg = Debug|Any CPU
		{B1FD4FA6-010B-4BA2-ACB2-E87D44ECF17E}.Debug|Any CPU.Build.0 = Debug|Any CPU
		{B1FD4FA6-010B-4BA2-ACB2-E87D44ECF17E}.Debug|x64.ActiveCfg = Debug|Any CPU
		{B1FD4FA6-010B-4BA2-ACB2-E87D44ECF17E}.Debug|x64.Build.0 = Debug|Any CPU
		{B1FD4FA6-010B-4BA2-ACB2-E87D44ECF17E}.Debug|x86.ActiveCfg = Debug|Any CPU
		{B1FD4FA6-010B-4BA2-ACB2-E87D44ECF17E}.Debug|x86.Build.0 = Debug|Any CPU
		{B1FD4FA6-010B-4BA2-ACB2-E87D44ECF17E}.Release|Any CPU.ActiveCfg = Release|Any CPU
		{B1FD4FA6-010B-4BA2-ACB2-E87D44ECF17E}.Release|Any CPU.Build.0 = Release|Any CPU
		{B1FD4FA6-010B-4BA2-ACB2-E87D44ECF17E}.Release|x64.ActiveCfg = Release|Any CPU
		{B1FD4FA6-010B-4BA2-ACB2-E87D44ECF17E}.Release|x64.Build.0 = Release|Any CPU
		{B1FD4FA6-010B-4BA2-ACB2-E87D44ECF17E}.Release|x86.ActiveCfg = Release|Any CPU
		{B1FD4FA6-010B-4BA2-ACB2-E87D44ECF17E}.Release|x86.Build.0 = Release|Any CPU
		{34E89774-79B1-465B-B7D5-BEEE221C5375}.Debug|Any CPU.ActiveCfg = Debug|Any CPU
		{34E89774-79B1-465B-B7D5-BEEE221C5375}.Debug|Any CPU.Build.0 = Debug|Any CPU
		{34E89774-79B1-465B-B7D5-BEEE221C5375}.Debug|x64.ActiveCfg = Debug|Any CPU
		{34E89774-79B1-465B-B7D5-BEEE221C5375}.Debug|x64.Build.0 = Debug|Any CPU
		{34E89774-79B1-465B-B7D5-BEEE221C5375}.Debug|x86.ActiveCfg = Debug|Any CPU
		{34E89774-79B1-465B-B7D5-BEEE221C5375}.Debug|x86.Build.0 = Debug|Any CPU
		{34E89774-79B1-465B-B7D5-BEEE221C5375}.Release|Any CPU.ActiveCfg = Release|Any CPU
		{34E89774-79B1-465B-B7D5-BEEE221C5375}.Release|Any CPU.Build.0 = Release|Any CPU
		{34E89774-79B1-465B-B7D5-BEEE221C5375}.Release|x64.ActiveCfg = Release|Any CPU
		{34E89774-79B1-465B-B7D5-BEEE221C5375}.Release|x64.Build.0 = Release|Any CPU
		{34E89774-79B1-465B-B7D5-BEEE221C5375}.Release|x86.ActiveCfg = Release|Any CPU
		{34E89774-79B1-465B-B7D5-BEEE221C5375}.Release|x86.Build.0 = Release|Any CPU
		{ADD56419-44B4-4296-A693-117CBBB31D59}.Debug|Any CPU.ActiveCfg = Debug|Any CPU
		{ADD56419-44B4-4296-A693-117CBBB31D59}.Debug|Any CPU.Build.0 = Debug|Any CPU
		{ADD56419-44B4-4296-A693-117CBBB31D59}.Debug|x64.ActiveCfg = Debug|Any CPU
		{ADD56419-44B4-4296-A693-117CBBB31D59}.Debug|x64.Build.0 = Debug|Any CPU
		{ADD56419-44B4-4296-A693-117CBBB31D59}.Debug|x86.ActiveCfg = Debug|Any CPU
		{ADD56419-44B4-4296-A693-117CBBB31D59}.Debug|x86.Build.0 = Debug|Any CPU
		{ADD56419-44B4-4296-A693-117CBBB31D59}.Release|Any CPU.ActiveCfg = Release|Any CPU
		{ADD56419-44B4-4296-A693-117CBBB31D59}.Release|Any CPU.Build.0 = Release|Any CPU
		{ADD56419-44B4-4296-A693-117CBBB31D59}.Release|x64.ActiveCfg = Release|Any CPU
		{ADD56419-44B4-4296-A693-117CBBB31D59}.Release|x64.Build.0 = Release|Any CPU
		{ADD56419-44B4-4296-A693-117CBBB31D59}.Release|x86.ActiveCfg = Release|Any CPU
		{ADD56419-44B4-4296-A693-117CBBB31D59}.Release|x86.Build.0 = Release|Any CPU
	EndGlobalSection
	GlobalSection(NestedProjects) = preSolution
		{B1FD4FA6-010B-4BA2-ACB2-E87D44ECF17E} = {FDC3B894-6A37-486C-A8E7-AD1A2453E610}
	EndGlobalSection
EndGlobal
