
Microsoft Visual Studio Solution File, Format Version 12.00
# Visual Studio Version 16
VisualStudioVersion = 16.0.30011.22
MinimumVisualStudioVersion = 15.0.26124.0
Project("{2150E333-8FDC-42A3-9474-1A3956D46DE8}") = "tests", "tests", "{FDC3B894-6A37-486C-A8E7-AD1A2453E610}"
EndProject
Project("{9A19103F-16F7-4668-BE54-9A1E7A4F7556}") = "UtilitiesTest", "tests\UtilitiesTest\UtilitiesTest.csproj", "{B1FD4FA6-010B-4BA2-ACB2-E87D44ECF17E}"
EndProject
Project("{9A19103F-16F7-4668-BE54-9A1E7A4F7556}") = "UITemplatesWinForm", "UITemplatesWinForm\UITemplatesWinForm.csproj", "{34E89774-79B1-465B-B7D5-BEEE221C5375}"
EndProject
Project("{2150E333-8FDC-42A3-9474-1A3956D46DE8}") = "Solution Items", "Solution Items", "{2500FFE3-4B9C-405B-A383-506617ED5826}"
	ProjectSection(SolutionItems) = preProject
		README.md = README.md
	EndProjectSection
EndProject
Project("{9A19103F-16F7-4668-BE54-9A1E7A4F7556}") = "UITemplateWinFormTest", "tests\UITemplateWinFormTest\UITemplateWinFormTest.csproj", "{343387F5-21DB-430C-9B09-1FA7AC0513FC}"
EndProject
Project("{FAE04EC0-301F-11D3-BF4B-00C04F79EFBC}") = "Utilities", "Utilities\Utilities.csproj", "{E7B2B17B-D096-4126-A7E2-C617D16C4834}"
EndProject
Global
	GlobalSection(SolutionConfigurationPlatforms) = preSolution
		Debug|Any CPU = Debug|Any CPU
		Debug|x64 = Debug|x64
		Debug|x86 = Debug|x86
		Release|Any CPU = Release|Any CPU
		Release|x64 = Release|x64
		Release|x86 = Release|x86
	EndGlobalSection
	GlobalSection(ProjectConfigurationPlatforms) = postSolution
		{B1FD4FA6-010B-4BA2-ACB2-E87D44ECF17E}.Debug|Any CPU.ActiveCfg = Debug|Any CPU
		{B1FD4FA6-010B-4BA2-ACB2-E87D44ECF17E}.Debug|Any CPU.Build.0 = Debug|Any CPU
		{B1FD4FA6-010B-4BA2-ACB2-E87D44ECF17E}.Debug|x64.ActiveCfg = Debug|Any CPU
		{B1FD4FA6-010B-4BA2-ACB2-E87D44ECF17E}.Debug|x64.Build.0 = Debug|Any CPU
		{B1FD4FA6-010B-4BA2-ACB2-E87D44ECF17E}.Debug|x86.ActiveCfg = Debug|Any CPU
		{B1FD4FA6-010B-4BA2-ACB2-E87D44ECF17E}.Debug|x86.Build.0 = Debug|Any CPU
		{B1FD4FA6-010B-4BA2-ACB2-E87D44ECF17E}.Release|Any CPU.ActiveCfg = Release|Any CPU
		{B1FD4FA6-010B-4BA2-ACB2-E87D44ECF17E}.Release|Any CPU.Build.0 = Release|Any CPU
		{B1FD4FA6-010B-4BA2-ACB2-E87D44ECF17E}.Release|x64.ActiveCfg = Release|Any CPU
		{B1FD4FA6-010B-4BA2-ACB2-E87D44ECF17E}.Release|x64.Build.0 = Release|Any CPU
		{B1FD4FA6-010B-4BA2-ACB2-E87D44ECF17E}.Release|x86.ActiveCfg = Release|Any CPU
		{B1FD4FA6-010B-4BA2-ACB2-E87D44ECF17E}.Release|x86.Build.0 = Release|Any CPU
		{34E89774-79B1-465B-B7D5-BEEE221C5375}.Debug|Any CPU.ActiveCfg = Debug|Any CPU
		{34E89774-79B1-465B-B7D5-BEEE221C5375}.Debug|Any CPU.Build.0 = Debug|Any CPU
		{34E89774-79B1-465B-B7D5-BEEE221C5375}.Debug|x64.ActiveCfg = Debug|Any CPU
		{34E89774-79B1-465B-B7D5-BEEE221C5375}.Debug|x64.Build.0 = Debug|Any CPU
		{34E89774-79B1-465B-B7D5-BEEE221C5375}.Debug|x86.ActiveCfg = Debug|Any CPU
		{34E89774-79B1-465B-B7D5-BEEE221C5375}.Debug|x86.Build.0 = Debug|Any CPU
		{34E89774-79B1-465B-B7D5-BEEE221C5375}.Release|Any CPU.ActiveCfg = Release|Any CPU
		{34E89774-79B1-465B-B7D5-BEEE221C5375}.Release|Any CPU.Build.0 = Release|Any CPU
		{34E89774-79B1-465B-B7D5-BEEE221C5375}.Release|x64.ActiveCfg = Release|Any CPU
		{34E89774-79B1-465B-B7D5-BEEE221C5375}.Release|x64.Build.0 = Release|Any CPU
		{34E89774-79B1-465B-B7D5-BEEE221C5375}.Release|x86.ActiveCfg = Release|Any CPU
		{34E89774-79B1-465B-B7D5-BEEE221C5375}.Release|x86.Build.0 = Release|Any CPU
		{343387F5-21DB-430C-9B09-1FA7AC0513FC}.Debug|Any CPU.ActiveCfg = Debug|Any CPU
		{343387F5-21DB-430C-9B09-1FA7AC0513FC}.Debug|Any CPU.Build.0 = Debug|Any CPU
		{343387F5-21DB-430C-9B09-1FA7AC0513FC}.Debug|x64.ActiveCfg = Debug|Any CPU
		{343387F5-21DB-430C-9B09-1FA7AC0513FC}.Debug|x64.Build.0 = Debug|Any CPU
		{343387F5-21DB-430C-9B09-1FA7AC0513FC}.Debug|x86.ActiveCfg = Debug|Any CPU
		{343387F5-21DB-430C-9B09-1FA7AC0513FC}.Debug|x86.Build.0 = Debug|Any CPU
		{343387F5-21DB-430C-9B09-1FA7AC0513FC}.Release|Any CPU.ActiveCfg = Release|Any CPU
		{343387F5-21DB-430C-9B09-1FA7AC0513FC}.Release|Any CPU.Build.0 = Release|Any CPU
		{343387F5-21DB-430C-9B09-1FA7AC0513FC}.Release|x64.ActiveCfg = Release|Any CPU
		{343387F5-21DB-430C-9B09-1FA7AC0513FC}.Release|x64.Build.0 = Release|Any CPU
		{343387F5-21DB-430C-9B09-1FA7AC0513FC}.Release|x86.ActiveCfg = Release|Any CPU
		{343387F5-21DB-430C-9B09-1FA7AC0513FC}.Release|x86.Build.0 = Release|Any CPU
		{E7B2B17B-D096-4126-A7E2-C617D16C4834}.Debug|Any CPU.ActiveCfg = Debug|Any CPU
		{E7B2B17B-D096-4126-A7E2-C617D16C4834}.Debug|Any CPU.Build.0 = Debug|Any CPU
		{E7B2B17B-D096-4126-A7E2-C617D16C4834}.Debug|x64.ActiveCfg = Debug|Any CPU
		{E7B2B17B-D096-4126-A7E2-C617D16C4834}.Debug|x64.Build.0 = Debug|Any CPU
		{E7B2B17B-D096-4126-A7E2-C617D16C4834}.Debug|x86.ActiveCfg = Debug|Any CPU
		{E7B2B17B-D096-4126-A7E2-C617D16C4834}.Debug|x86.Build.0 = Debug|Any CPU
		{E7B2B17B-D096-4126-A7E2-C617D16C4834}.Release|Any CPU.ActiveCfg = Release|Any CPU
		{E7B2B17B-D096-4126-A7E2-C617D16C4834}.Release|Any CPU.Build.0 = Release|Any CPU
		{E7B2B17B-D096-4126-A7E2-C617D16C4834}.Release|x64.ActiveCfg = Release|Any CPU
		{E7B2B17B-D096-4126-A7E2-C617D16C4834}.Release|x64.Build.0 = Release|Any CPU
		{E7B2B17B-D096-4126-A7E2-C617D16C4834}.Release|x86.ActiveCfg = Release|Any CPU
		{E7B2B17B-D096-4126-A7E2-C617D16C4834}.Release|x86.Build.0 = Release|Any CPU
	EndGlobalSection
	GlobalSection(SolutionProperties) = preSolution
		HideSolutionNode = FALSE
	EndGlobalSection
	GlobalSection(NestedProjects) = preSolution
		{B1FD4FA6-010B-4BA2-ACB2-E87D44ECF17E} = {FDC3B894-6A37-486C-A8E7-AD1A2453E610}
		{343387F5-21DB-430C-9B09-1FA7AC0513FC} = {FDC3B894-6A37-486C-A8E7-AD1A2453E610}
	EndGlobalSection
	GlobalSection(ExtensibilityGlobals) = postSolution
		SolutionGuid = {1C9D886A-69E8-4389-8DC0-B40048D8BE39}
	EndGlobalSection
EndGlobal
